
Microsoft Visual Studio Solution File, Format Version 12.00
# Visual Studio Version 16
VisualStudioVersion = 16.0.31729.503
MinimumVisualStudioVersion = 10.0.40219.1
Project("{9A19103F-16F7-4668-BE54-9A1E7A4F7556}") = "backend_api", "ft_trancedence_Api\backend_api.csproj", "{115BCA01-B1EC-4717-B7C3-7B5122798BB7}"
EndProject
Global
	GlobalSection(SolutionConfigurationPlatforms) = preSolution
		Debug|Any CPU = Debug|Any CPU
		Release|Any CPU = Release|Any CPU
	EndGlobalSection
	GlobalSection(ProjectConfigurationPlatforms) = postSolution
		{115BCA01-B1EC-4717-B7C3-7B5122798BB7}.Debug|Any CPU.ActiveCfg = Debug|Any CPU
		{115BCA01-B1EC-4717-B7C3-7B5122798BB7}.Debug|Any CPU.Build.0 = Debug|Any CPU
		{115BCA01-B1EC-4717-B7C3-7B5122798BB7}.Release|Any CPU.ActiveCfg = Release|Any CPU
		{115BCA01-B1EC-4717-B7C3-7B5122798BB7}.Release|Any CPU.Build.0 = Release|Any CPU
	EndGlobalSection
	GlobalSection(SolutionProperties) = preSolution
		HideSolutionNode = FALSE
	EndGlobalSection
	GlobalSection(ExtensibilityGlobals) = postSolution
		SolutionGuid = {5D3E9248-5DB8-4A2C-9F25-85FB6E2C9211}
	EndGlobalSection
EndGlobal
